
Microsoft Visual Studio Solution File, Format Version 12.00
# Visual Studio Version 17
VisualStudioVersion = 17.9.34723.18
MinimumVisualStudioVersion = 10.0.40219.1
Project("{8BC9CEB8-8B4A-11D0-8D11-00A0C91BC942}") = "Task1", "Task1\Task1.vcxproj", "{33F028B8-0882-4609-9363-3AC6B874C569}"
EndProject
Project("{8BC9CEB8-8B4A-11D0-8D11-00A0C91BC942}") = "Task2", "Task2\Task2.vcxproj", "{1C3D7DE7-44BE-4BBC-B1ED-8A579C0A4451}"
EndProject
Project("{8BC9CEB8-8B4A-11D0-8D11-00A0C91BC942}") = "Task3", "Task3\Task3.vcxproj", "{7814017E-5CDA-40DF-8A41-1E8FFA171D1D}"
EndProject
Project("{8BC9CEB8-8B4A-11D0-8D11-00A0C91BC942}") = "Task4", "Task4\Task4.vcxproj", "{0A783070-ADF7-4D1B-AF28-4051DE3493DA}"
EndProject
Project("{8BC9CEB8-8B4A-11D0-8D11-00A0C91BC942}") = "Task5", "Task5\Task5.vcxproj", "{AE917343-BB93-40A4-A34E-AD5F6E11FAC4}"
EndProject
Project("{8BC9CEB8-8B4A-11D0-8D11-00A0C91BC942}") = "Task6", "Task6\Task6.vcxproj", "{FD06779E-ADFB-488E-A08F-3C5E46829733}"
EndProject
Project("{8BC9CEB8-8B4A-11D0-8D11-00A0C91BC942}") = "Task7", "Task7\Task7.vcxproj", "{5F3C0BB7-65C5-49F9-B9EC-05513A0D7FA7}"
EndProject
Project("{8BC9CEB8-8B4A-11D0-8D11-00A0C91BC942}") = "Task8", "Task8\Task8.vcxproj", "{9B536713-9C38-4EB3-8812-91BAE9BF0573}"
EndProject
Project("{8BC9CEB8-8B4A-11D0-8D11-00A0C91BC942}") = "Task9", "Task9\Task9.vcxproj", "{53B4D6BE-09E0-49EC-9580-CFC8757D28AF}"
EndProject
Project("{8BC9CEB8-8B4A-11D0-8D11-00A0C91BC942}") = "Task10", "Task10\Task10.vcxproj", "{70693D1D-B072-4E9B-8E39-876506DD108B}"
EndProject
Global
	GlobalSection(SolutionConfigurationPlatforms) = preSolution
		Debug|x64 = Debug|x64
		Debug|x86 = Debug|x86
		Release|x64 = Release|x64
		Release|x86 = Release|x86
	EndGlobalSection
	GlobalSection(ProjectConfigurationPlatforms) = postSolution
		{33F028B8-0882-4609-9363-3AC6B874C569}.Debug|x64.ActiveCfg = Debug|x64
		{33F028B8-0882-4609-9363-3AC6B874C569}.Debug|x64.Build.0 = Debug|x64
		{33F028B8-0882-4609-9363-3AC6B874C569}.Debug|x86.ActiveCfg = Debug|Win32
		{33F028B8-0882-4609-9363-3AC6B874C569}.Debug|x86.Build.0 = Debug|Win32
		{33F028B8-0882-4609-9363-3AC6B874C569}.Release|x64.ActiveCfg = Release|x64
		{33F028B8-0882-4609-9363-3AC6B874C569}.Release|x64.Build.0 = Release|x64
		{33F028B8-0882-4609-9363-3AC6B874C569}.Release|x86.ActiveCfg = Release|Win32
		{33F028B8-0882-4609-9363-3AC6B874C569}.Release|x86.Build.0 = Release|Win32
		{1C3D7DE7-44BE-4BBC-B1ED-8A579C0A4451}.Debug|x64.ActiveCfg = Debug|x64
		{1C3D7DE7-44BE-4BBC-B1ED-8A579C0A4451}.Debug|x64.Build.0 = Debug|x64
		{1C3D7DE7-44BE-4BBC-B1ED-8A579C0A4451}.Debug|x86.ActiveCfg = Debug|Win32
		{1C3D7DE7-44BE-4BBC-B1ED-8A579C0A4451}.Debug|x86.Build.0 = Debug|Win32
		{1C3D7DE7-44BE-4BBC-B1ED-8A579C0A4451}.Release|x64.ActiveCfg = Release|x64
		{1C3D7DE7-44BE-4BBC-B1ED-8A579C0A4451}.Release|x64.Build.0 = Release|x64
		{1C3D7DE7-44BE-4BBC-B1ED-8A579C0A4451}.Release|x86.ActiveCfg = Release|Win32
		{1C3D7DE7-44BE-4BBC-B1ED-8A579C0A4451}.Release|x86.Build.0 = Release|Win32
		{7814017E-5CDA-40DF-8A41-1E8FFA171D1D}.Debug|x64.ActiveCfg = Debug|x64
		{7814017E-5CDA-40DF-8A41-1E8FFA171D1D}.Debug|x64.Build.0 = Debug|x64
		{7814017E-5CDA-40DF-8A41-1E8FFA171D1D}.Debug|x86.ActiveCfg = Debug|Win32
		{7814017E-5CDA-40DF-8A41-1E8FFA171D1D}.Debug|x86.Build.0 = Debug|Win32
		{7814017E-5CDA-40DF-8A41-1E8FFA171D1D}.Release|x64.ActiveCfg = Release|x64
		{7814017E-5CDA-40DF-8A41-1E8FFA171D1D}.Release|x64.Build.0 = Release|x64
		{7814017E-5CDA-40DF-8A41-1E8FFA171D1D}.Release|x86.ActiveCfg = Release|Win32
		{7814017E-5CDA-40DF-8A41-1E8FFA171D1D}.Release|x86.Build.0 = Release|Win32
		{0A783070-ADF7-4D1B-AF28-4051DE3493DA}.Debug|x64.ActiveCfg = Debug|x64
		{0A783070-ADF7-4D1B-AF28-4051DE3493DA}.Debug|x64.Build.0 = Debug|x64
		{0A783070-ADF7-4D1B-AF28-4051DE3493DA}.Debug|x86.ActiveCfg = Debug|Win32
		{0A783070-ADF7-4D1B-AF28-4051DE3493DA}.Debug|x86.Build.0 = Debug|Win32
		{0A783070-ADF7-4D1B-AF28-4051DE3493DA}.Release|x64.ActiveCfg = Release|x64
		{0A783070-ADF7-4D1B-AF28-4051DE3493DA}.Release|x64.Build.0 = Release|x64
		{0A783070-ADF7-4D1B-AF28-4051DE3493DA}.Release|x86.ActiveCfg = Release|Win32
		{0A783070-ADF7-4D1B-AF28-4051DE3493DA}.Release|x86.Build.0 = Release|Win32
		{AE917343-BB93-40A4-A34E-AD5F6E11FAC4}.Debug|x64.ActiveCfg = Debug|x64
		{AE917343-BB93-40A4-A34E-AD5F6E11FAC4}.Debug|x64.Build.0 = Debug|x64
		{AE917343-BB93-40A4-A34E-AD5F6E11FAC4}.Debug|x86.ActiveCfg = Debug|Win32
		{AE917343-BB93-40A4-A34E-AD5F6E11FAC4}.Debug|x86.Build.0 = Debug|Win32
		{AE917343-BB93-40A4-A34E-AD5F6E11FAC4}.Release|x64.ActiveCfg = Release|x64
		{AE917343-BB93-40A4-A34E-AD5F6E11FAC4}.Release|x64.Build.0 = Release|x64
		{AE917343-BB93-40A4-A34E-AD5F6E11FAC4}.Release|x86.ActiveCfg = Release|Win32
		{AE917343-BB93-40A4-A34E-AD5F6E11FAC4}.Release|x86.Build.0 = Release|Win32
		{FD06779E-ADFB-488E-A08F-3C5E46829733}.Debug|x64.ActiveCfg = Debug|x64
		{FD06779E-ADFB-488E-A08F-3C5E46829733}.Debug|x64.Build.0 = Debug|x64
		{FD06779E-ADFB-488E-A08F-3C5E46829733}.Debug|x86.ActiveCfg = Debug|Win32
		{FD06779E-ADFB-488E-A08F-3C5E46829733}.Debug|x86.Build.0 = Debug|Win32
		{FD06779E-ADFB-488E-A08F-3C5E46829733}.Release|x64.ActiveCfg = Release|x64
		{FD06779E-ADFB-488E-A08F-3C5E46829733}.Release|x64.Build.0 = Release|x64
		{FD06779E-ADFB-488E-A08F-3C5E46829733}.Release|x86.ActiveCfg = Release|Win32
		{FD06779E-ADFB-488E-A08F-3C5E46829733}.Release|x86.Build.0 = Release|Win32
		{5F3C0BB7-65C5-49F9-B9EC-05513A0D7FA7}.Debug|x64.ActiveCfg = Debug|x64
		{5F3C0BB7-65C5-49F9-B9EC-05513A0D7FA7}.Debug|x64.Build.0 = Debug|x64
		{5F3C0BB7-65C5-49F9-B9EC-05513A0D7FA7}.Debug|x86.ActiveCfg = Debug|Win32
		{5F3C0BB7-65C5-49F9-B9EC-05513A0D7FA7}.Debug|x86.Build.0 = Debug|Win32
		{5F3C0BB7-65C5-49F9-B9EC-05513A0D7FA7}.Release|x64.ActiveCfg = Release|x64
		{5F3C0BB7-65C5-49F9-B9EC-05513A0D7FA7}.Release|x64.Build.0 = Release|x64
		{5F3C0BB7-65C5-49F9-B9EC-05513A0D7FA7}.Release|x86.ActiveCfg = Release|Win32
		{5F3C0BB7-65C5-49F9-B9EC-05513A0D7FA7}.Release|x86.Build.0 = Release|Win32
		{9B536713-9C38-4EB3-8812-91BAE9BF0573}.Debug|x64.ActiveCfg = Debug|x64
		{9B536713-9C38-4EB3-8812-91BAE9BF0573}.Debug|x64.Build.0 = Debug|x64
		{9B536713-9C38-4EB3-8812-91BAE9BF0573}.Debug|x86.ActiveCfg = Debug|Win32
		{9B536713-9C38-4EB3-8812-91BAE9BF0573}.Debug|x86.Build.0 = Debug|Win32
		{9B536713-9C38-4EB3-8812-91BAE9BF0573}.Release|x64.ActiveCfg = Release|x64
		{9B536713-9C38-4EB3-8812-91BAE9BF0573}.Release|x64.Build.0 = Release|x64
		{9B536713-9C38-4EB3-8812-91BAE9BF0573}.Release|x86.ActiveCfg = Release|Win32
		{9B536713-9C38-4EB3-8812-91BAE9BF0573}.Release|x86.Build.0 = Release|Win32
		{53B4D6BE-09E0-49EC-9580-CFC8757D28AF}.Debug|x64.ActiveCfg = Debug|x64
		{53B4D6BE-09E0-49EC-9580-CFC8757D28AF}.Debug|x64.Build.0 = Debug|x64
		{53B4D6BE-09E0-49EC-9580-CFC8757D28AF}.Debug|x86.ActiveCfg = Debug|Win32
		{53B4D6BE-09E0-49EC-9580-CFC8757D28AF}.Debug|x86.Build.0 = Debug|Win32
		{53B4D6BE-09E0-49EC-9580-CFC8757D28AF}.Release|x64.ActiveCfg = Release|x64
		{53B4D6BE-09E0-49EC-9580-CFC8757D28AF}.Release|x64.Build.0 = Release|x64
		{53B4D6BE-09E0-49EC-9580-CFC8757D28AF}.Release|x86.ActiveCfg = Release|Win32
		{53B4D6BE-09E0-49EC-9580-CFC8757D28AF}.Release|x86.Build.0 = Release|Win32
		{70693D1D-B072-4E9B-8E39-876506DD108B}.Debug|x64.ActiveCfg = Debug|x64
		{70693D1D-B072-4E9B-8E39-876506DD108B}.Debug|x64.Build.0 = Debug|x64
		{70693D1D-B072-4E9B-8E39-876506DD108B}.Debug|x86.ActiveCfg = Debug|Win32
		{70693D1D-B072-4E9B-8E39-876506DD108B}.Debug|x86.Build.0 = Debug|Win32
		{70693D1D-B072-4E9B-8E39-876506DD108B}.Release|x64.ActiveCfg = Release|x64
		{70693D1D-B072-4E9B-8E39-876506DD108B}.Release|x64.Build.0 = Release|x64
		{70693D1D-B072-4E9B-8E39-876506DD108B}.Release|x86.ActiveCfg = Release|Win32
		{70693D1D-B072-4E9B-8E39-876506DD108B}.Release|x86.Build.0 = Release|Win32
	EndGlobalSection
	GlobalSection(SolutionProperties) = preSolution
		HideSolutionNode = FALSE
	EndGlobalSection
	GlobalSection(ExtensibilityGlobals) = postSolution
		SolutionGuid = {1790A12F-8CA2-4F2B-9027-E0874FC44C78}
	EndGlobalSection
EndGlobal
