
Microsoft Visual Studio Solution File, Format Version 12.00
# Visual Studio Version 17
VisualStudioVersion = 17.9.34723.18
MinimumVisualStudioVersion = 10.0.40219.1
Project("{8BC9CEB8-8B4A-11D0-8D11-00A0C91BC942}") = "Task1", "Task1\Task1.vcxproj", "{26FF6822-2063-4556-B378-1C843DD44BE4}"
EndProject
Project("{8BC9CEB8-8B4A-11D0-8D11-00A0C91BC942}") = "Task2", "Task2\Task2.vcxproj", "{B6C72968-EFF7-4BDF-BA0A-9575FADEAF0E}"
EndProject
Project("{8BC9CEB8-8B4A-11D0-8D11-00A0C91BC942}") = "Task3", "Task3\Task3.vcxproj", "{5702CFCC-A189-4FB0-83BE-479918756792}"
EndProject
Project("{8BC9CEB8-8B4A-11D0-8D11-00A0C91BC942}") = "Task4", "Task4\Task4.vcxproj", "{2C990C77-36BF-4A95-8206-62F7FD980957}"
EndProject
Project("{8BC9CEB8-8B4A-11D0-8D11-00A0C91BC942}") = "Task5", "Task5\Task5.vcxproj", "{0AE967B8-42DA-4AAB-8B4B-FBE4198D8004}"
EndProject
Project("{8BC9CEB8-8B4A-11D0-8D11-00A0C91BC942}") = "Task6", "Task6\Task6.vcxproj", "{7691B83C-72C7-450E-92B2-26C910916456}"
EndProject
Project("{8BC9CEB8-8B4A-11D0-8D11-00A0C91BC942}") = "Task7", "Task7\Task7.vcxproj", "{7DC662F7-34B3-45CC-A310-C4E62237635D}"
EndProject
Project("{8BC9CEB8-8B4A-11D0-8D11-00A0C91BC942}") = "Task8", "Task8\Task8.vcxproj", "{E39F3387-722E-41A8-9656-F2AB777A2A6D}"
EndProject
Project("{8BC9CEB8-8B4A-11D0-8D11-00A0C91BC942}") = "Task9", "Task9\Task9.vcxproj", "{A3F08BFE-37D7-464D-A691-6F5FBD257323}"
EndProject
Project("{8BC9CEB8-8B4A-11D0-8D11-00A0C91BC942}") = "Task10", "Task10\Task10.vcxproj", "{91621A9B-4198-425D-B967-B760D9856856}"
EndProject
Global
	GlobalSection(SolutionConfigurationPlatforms) = preSolution
		Debug|x64 = Debug|x64
		Debug|x86 = Debug|x86
		Release|x64 = Release|x64
		Release|x86 = Release|x86
	EndGlobalSection
	GlobalSection(ProjectConfigurationPlatforms) = postSolution
		{26FF6822-2063-4556-B378-1C843DD44BE4}.Debug|x64.ActiveCfg = Debug|x64
		{26FF6822-2063-4556-B378-1C843DD44BE4}.Debug|x64.Build.0 = Debug|x64
		{26FF6822-2063-4556-B378-1C843DD44BE4}.Debug|x86.ActiveCfg = Debug|Win32
		{26FF6822-2063-4556-B378-1C843DD44BE4}.Debug|x86.Build.0 = Debug|Win32
		{26FF6822-2063-4556-B378-1C843DD44BE4}.Release|x64.ActiveCfg = Release|x64
		{26FF6822-2063-4556-B378-1C843DD44BE4}.Release|x64.Build.0 = Release|x64
		{26FF6822-2063-4556-B378-1C843DD44BE4}.Release|x86.ActiveCfg = Release|Win32
		{26FF6822-2063-4556-B378-1C843DD44BE4}.Release|x86.Build.0 = Release|Win32
		{B6C72968-EFF7-4BDF-BA0A-9575FADEAF0E}.Debug|x64.ActiveCfg = Debug|x64
		{B6C72968-EFF7-4BDF-BA0A-9575FADEAF0E}.Debug|x64.Build.0 = Debug|x64
		{B6C72968-EFF7-4BDF-BA0A-9575FADEAF0E}.Debug|x86.ActiveCfg = Debug|Win32
		{B6C72968-EFF7-4BDF-BA0A-9575FADEAF0E}.Debug|x86.Build.0 = Debug|Win32
		{B6C72968-EFF7-4BDF-BA0A-9575FADEAF0E}.Release|x64.ActiveCfg = Release|x64
		{B6C72968-EFF7-4BDF-BA0A-9575FADEAF0E}.Release|x64.Build.0 = Release|x64
		{B6C72968-EFF7-4BDF-BA0A-9575FADEAF0E}.Release|x86.ActiveCfg = Release|Win32
		{B6C72968-EFF7-4BDF-BA0A-9575FADEAF0E}.Release|x86.Build.0 = Release|Win32
		{5702CFCC-A189-4FB0-83BE-479918756792}.Debug|x64.ActiveCfg = Debug|x64
		{5702CFCC-A189-4FB0-83BE-479918756792}.Debug|x64.Build.0 = Debug|x64
		{5702CFCC-A189-4FB0-83BE-479918756792}.Debug|x86.ActiveCfg = Debug|Win32
		{5702CFCC-A189-4FB0-83BE-479918756792}.Debug|x86.Build.0 = Debug|Win32
		{5702CFCC-A189-4FB0-83BE-479918756792}.Release|x64.ActiveCfg = Release|x64
		{5702CFCC-A189-4FB0-83BE-479918756792}.Release|x64.Build.0 = Release|x64
		{5702CFCC-A189-4FB0-83BE-479918756792}.Release|x86.ActiveCfg = Release|Win32
		{5702CFCC-A189-4FB0-83BE-479918756792}.Release|x86.Build.0 = Release|Win32
		{2C990C77-36BF-4A95-8206-62F7FD980957}.Debug|x64.ActiveCfg = Debug|x64
		{2C990C77-36BF-4A95-8206-62F7FD980957}.Debug|x64.Build.0 = Debug|x64
		{2C990C77-36BF-4A95-8206-62F7FD980957}.Debug|x86.ActiveCfg = Debug|Win32
		{2C990C77-36BF-4A95-8206-62F7FD980957}.Debug|x86.Build.0 = Debug|Win32
		{2C990C77-36BF-4A95-8206-62F7FD980957}.Release|x64.ActiveCfg = Release|x64
		{2C990C77-36BF-4A95-8206-62F7FD980957}.Release|x64.Build.0 = Release|x64
		{2C990C77-36BF-4A95-8206-62F7FD980957}.Release|x86.ActiveCfg = Release|Win32
		{2C990C77-36BF-4A95-8206-62F7FD980957}.Release|x86.Build.0 = Release|Win32
		{0AE967B8-42DA-4AAB-8B4B-FBE4198D8004}.Debug|x64.ActiveCfg = Debug|x64
		{0AE967B8-42DA-4AAB-8B4B-FBE4198D8004}.Debug|x64.Build.0 = Debug|x64
		{0AE967B8-42DA-4AAB-8B4B-FBE4198D8004}.Debug|x86.ActiveCfg = Debug|Win32
		{0AE967B8-42DA-4AAB-8B4B-FBE4198D8004}.Debug|x86.Build.0 = Debug|Win32
		{0AE967B8-42DA-4AAB-8B4B-FBE4198D8004}.Release|x64.ActiveCfg = Release|x64
		{0AE967B8-42DA-4AAB-8B4B-FBE4198D8004}.Release|x64.Build.0 = Release|x64
		{0AE967B8-42DA-4AAB-8B4B-FBE4198D8004}.Release|x86.ActiveCfg = Release|Win32
		{0AE967B8-42DA-4AAB-8B4B-FBE4198D8004}.Release|x86.Build.0 = Release|Win32
		{7691B83C-72C7-450E-92B2-26C910916456}.Debug|x64.ActiveCfg = Debug|x64
		{7691B83C-72C7-450E-92B2-26C910916456}.Debug|x64.Build.0 = Debug|x64
		{7691B83C-72C7-450E-92B2-26C910916456}.Debug|x86.ActiveCfg = Debug|Win32
		{7691B83C-72C7-450E-92B2-26C910916456}.Debug|x86.Build.0 = Debug|Win32
		{7691B83C-72C7-450E-92B2-26C910916456}.Release|x64.ActiveCfg = Release|x64
		{7691B83C-72C7-450E-92B2-26C910916456}.Release|x64.Build.0 = Release|x64
		{7691B83C-72C7-450E-92B2-26C910916456}.Release|x86.ActiveCfg = Release|Win32
		{7691B83C-72C7-450E-92B2-26C910916456}.Release|x86.Build.0 = Release|Win32
		{7DC662F7-34B3-45CC-A310-C4E62237635D}.Debug|x64.ActiveCfg = Debug|x64
		{7DC662F7-34B3-45CC-A310-C4E62237635D}.Debug|x64.Build.0 = Debug|x64
		{7DC662F7-34B3-45CC-A310-C4E62237635D}.Debug|x86.ActiveCfg = Debug|Win32
		{7DC662F7-34B3-45CC-A310-C4E62237635D}.Debug|x86.Build.0 = Debug|Win32
		{7DC662F7-34B3-45CC-A310-C4E62237635D}.Release|x64.ActiveCfg = Release|x64
		{7DC662F7-34B3-45CC-A310-C4E62237635D}.Release|x64.Build.0 = Release|x64
		{7DC662F7-34B3-45CC-A310-C4E62237635D}.Release|x86.ActiveCfg = Release|Win32
		{7DC662F7-34B3-45CC-A310-C4E62237635D}.Release|x86.Build.0 = Release|Win32
		{E39F3387-722E-41A8-9656-F2AB777A2A6D}.Debug|x64.ActiveCfg = Debug|x64
		{E39F3387-722E-41A8-9656-F2AB777A2A6D}.Debug|x64.Build.0 = Debug|x64
		{E39F3387-722E-41A8-9656-F2AB777A2A6D}.Debug|x86.ActiveCfg = Debug|Win32
		{E39F3387-722E-41A8-9656-F2AB777A2A6D}.Debug|x86.Build.0 = Debug|Win32
		{E39F3387-722E-41A8-9656-F2AB777A2A6D}.Release|x64.ActiveCfg = Release|x64
		{E39F3387-722E-41A8-9656-F2AB777A2A6D}.Release|x64.Build.0 = Release|x64
		{E39F3387-722E-41A8-9656-F2AB777A2A6D}.Release|x86.ActiveCfg = Release|Win32
		{E39F3387-722E-41A8-9656-F2AB777A2A6D}.Release|x86.Build.0 = Release|Win32
		{A3F08BFE-37D7-464D-A691-6F5FBD257323}.Debug|x64.ActiveCfg = Debug|x64
		{A3F08BFE-37D7-464D-A691-6F5FBD257323}.Debug|x64.Build.0 = Debug|x64
		{A3F08BFE-37D7-464D-A691-6F5FBD257323}.Debug|x86.ActiveCfg = Debug|Win32
		{A3F08BFE-37D7-464D-A691-6F5FBD257323}.Debug|x86.Build.0 = Debug|Win32
		{A3F08BFE-37D7-464D-A691-6F5FBD257323}.Release|x64.ActiveCfg = Release|x64
		{A3F08BFE-37D7-464D-A691-6F5FBD257323}.Release|x64.Build.0 = Release|x64
		{A3F08BFE-37D7-464D-A691-6F5FBD257323}.Release|x86.ActiveCfg = Release|Win32
		{A3F08BFE-37D7-464D-A691-6F5FBD257323}.Release|x86.Build.0 = Release|Win32
		{91621A9B-4198-425D-B967-B760D9856856}.Debug|x64.ActiveCfg = Debug|x64
		{91621A9B-4198-425D-B967-B760D9856856}.Debug|x64.Build.0 = Debug|x64
		{91621A9B-4198-425D-B967-B760D9856856}.Debug|x86.ActiveCfg = Debug|Win32
		{91621A9B-4198-425D-B967-B760D9856856}.Debug|x86.Build.0 = Debug|Win32
		{91621A9B-4198-425D-B967-B760D9856856}.Release|x64.ActiveCfg = Release|x64
		{91621A9B-4198-425D-B967-B760D9856856}.Release|x64.Build.0 = Release|x64
		{91621A9B-4198-425D-B967-B760D9856856}.Release|x86.ActiveCfg = Release|Win32
		{91621A9B-4198-425D-B967-B760D9856856}.Release|x86.Build.0 = Release|Win32
	EndGlobalSection
	GlobalSection(SolutionProperties) = preSolution
		HideSolutionNode = FALSE
	EndGlobalSection
	GlobalSection(ExtensibilityGlobals) = postSolution
		SolutionGuid = {441CEA2E-365D-4F5A-97E7-985E522BC145}
	EndGlobalSection
EndGlobal
